
Microsoft Visual Studio Solution File, Format Version 12.00
# Visual Studio Version 17
VisualStudioVersion = 17.3.32825.248
MinimumVisualStudioVersion = 10.0.40219.1
Project("{9A19103F-16F7-4668-BE54-9A1E7A4F7556}") = "ArgumentParser", "ArgumentParser\ArgumentParser.csproj", "{CD575E62-218A-4E72-8A6C-EE81EE7BD21F}"
EndProject
Project("{9A19103F-16F7-4668-BE54-9A1E7A4F7556}") = "Test.ArgumentParser", "Test.ArgumentParser\Test.ArgumentParser.csproj", "{4C556C4B-457A-44AA-9BE9-20D81F097985}"
EndProject
Project("{2150E333-8FDC-42A3-9474-1A3956D46DE8}") = "Solution Items", "Solution Items", "{8EC462FD-D22E-90A8-E5CE-7E832BA40C5D}"
	ProjectSection(SolutionItems) = preProject
		LICENSE.txt = LICENSE.txt
		README.md = README.md
	EndProjectSection
EndProject
Global
	GlobalSection(SolutionConfigurationPlatforms) = preSolution
		Debug|Any CPU = Debug|Any CPU
		Release|Any CPU = Release|Any CPU
	EndGlobalSection
	GlobalSection(ProjectConfigurationPlatforms) = postSolution
		{CD575E62-218A-4E72-8A6C-EE81EE7BD21F}.Debug|Any CPU.ActiveCfg = Debug|Any CPU
		{CD575E62-218A-4E72-8A6C-EE81EE7BD21F}.Debug|Any CPU.Build.0 = Debug|Any CPU
		{CD575E62-218A-4E72-8A6C-EE81EE7BD21F}.Release|Any CPU.ActiveCfg = Release|Any CPU
		{CD575E62-218A-4E72-8A6C-EE81EE7BD21F}.Release|Any CPU.Build.0 = Release|Any CPU
		{4C556C4B-457A-44AA-9BE9-20D81F097985}.Debug|Any CPU.ActiveCfg = Debug|Any CPU
		{4C556C4B-457A-44AA-9BE9-20D81F097985}.Debug|Any CPU.Build.0 = Debug|Any CPU
		{4C556C4B-457A-44AA-9BE9-20D81F097985}.Release|Any CPU.ActiveCfg = Release|Any CPU
		{4C556C4B-457A-44AA-9BE9-20D81F097985}.Release|Any CPU.Build.0 = Release|Any CPU
	EndGlobalSection
	GlobalSection(SolutionProperties) = preSolution
		HideSolutionNode = FALSE
	EndGlobalSection
	GlobalSection(ExtensibilityGlobals) = postSolution
		SolutionGuid = {27C0D2CF-3E31-4BC9-80DE-DA3181221F75}
	EndGlobalSection
EndGlobal
